
Microsoft Visual Studio Solution File, Format Version 12.00
# Visual Studio Version 17
VisualStudioVersion = 17.8.34322.80
MinimumVisualStudioVersion = 10.0.40219.1
Project("{9A19103F-16F7-4668-BE54-9A1E7A4F7556}") = "Assignment02", "Assignment02\Assignment02.csproj", "{A51D608E-05C0-459D-81E5-BBCE26204163}"
EndProject
Project("{FAE04EC0-301F-11D3-BF4B-00C04F79EFBC}") = "Assignment02.tests", "Assignment02.tests\Assignment02.tests.csproj", "{23762B79-18C7-48B5-9A31-C05D7376F1F2}"
EndProject
Global
	GlobalSection(SolutionConfigurationPlatforms) = preSolution
		Debug|Any CPU = Debug|Any CPU
		Release|Any CPU = Release|Any CPU
	EndGlobalSection
	GlobalSection(ProjectConfigurationPlatforms) = postSolution
		{A51D608E-05C0-459D-81E5-BBCE26204163}.Debug|Any CPU.ActiveCfg = Debug|Any CPU
		{A51D608E-05C0-459D-81E5-BBCE26204163}.Debug|Any CPU.Build.0 = Debug|Any CPU
		{A51D608E-05C0-459D-81E5-BBCE26204163}.Release|Any CPU.ActiveCfg = Release|Any CPU
		{A51D608E-05C0-459D-81E5-BBCE26204163}.Release|Any CPU.Build.0 = Release|Any CPU
		{23762B79-18C7-48B5-9A31-C05D7376F1F2}.Debug|Any CPU.ActiveCfg = Debug|Any CPU
		{23762B79-18C7-48B5-9A31-C05D7376F1F2}.Debug|Any CPU.Build.0 = Debug|Any CPU
		{23762B79-18C7-48B5-9A31-C05D7376F1F2}.Release|Any CPU.ActiveCfg = Release|Any CPU
		{23762B79-18C7-48B5-9A31-C05D7376F1F2}.Release|Any CPU.Build.0 = Release|Any CPU
	EndGlobalSection
	GlobalSection(SolutionProperties) = preSolution
		HideSolutionNode = FALSE
	EndGlobalSection
	GlobalSection(ExtensibilityGlobals) = postSolution
		SolutionGuid = {BE685B23-6E6B-49D2-8655-E1E73DFBF263}
	EndGlobalSection
EndGlobal
